
Microsoft Visual Studio Solution File, Format Version 12.00
# Visual Studio Version 16
VisualStudioVersion = 16.0.30104.148
MinimumVisualStudioVersion = 10.0.40219.1
Project("{FAE04EC0-301F-11D3-BF4B-00C04F79EFBC}") = "ProductsApplication", "ProductsApplication\ProductsApplication.csproj", "{2167ADD9-72DD-40AD-AD4B-1767925BAC5A}"
EndProject
Global
	GlobalSection(SolutionConfigurationPlatforms) = preSolution
		Debug|Any CPU = Debug|Any CPU
		Release|Any CPU = Release|Any CPU
	EndGlobalSection
	GlobalSection(ProjectConfigurationPlatforms) = postSolution
		{2167ADD9-72DD-40AD-AD4B-1767925BAC5A}.Debug|Any CPU.ActiveCfg = Debug|Any CPU
		{2167ADD9-72DD-40AD-AD4B-1767925BAC5A}.Debug|Any CPU.Build.0 = Debug|Any CPU
		{2167ADD9-72DD-40AD-AD4B-1767925BAC5A}.Release|Any CPU.ActiveCfg = Release|Any CPU
		{2167ADD9-72DD-40AD-AD4B-1767925BAC5A}.Release|Any CPU.Build.0 = Release|Any CPU
	EndGlobalSection
	GlobalSection(SolutionProperties) = preSolution
		HideSolutionNode = FALSE
	EndGlobalSection
	GlobalSection(ExtensibilityGlobals) = postSolution
		SolutionGuid = {04B5D895-801B-463D-A163-6FF503FED497}
	EndGlobalSection
EndGlobal
